{
    "_meta": {
        "hash": {
            "sha256": "ec722fd3d6b34ea0270c8987104f24547e8afb3b6327ddb574f63323cf6862a8"
        },
        "pipfile-spec": 6,
        "requires": {
            "python_version": "3.9"
        },
        "sources": [
            {
                "name": "pypi",
                "url": "https://pypi.org/simple",
                "verify_ssl": true
            }
        ]
    },
    "default": {},
    "develop": {}
}
